{
  "requires": true,
  "lockfileVersion": 1,
  "dependencies": {
    "highcharts": {
      "version": "7.0.2",
      "resolved": "https://registry.npmjs.org/highcharts/-/highcharts-7.0.2.tgz",
      "integrity": "sha512-0PnX/pzhpoZiLkQ3uN1FgXFM4Y5DFfN58mtTxh1me6sJ3eX+b0/asDgF17yOe4BfQat4xnE9TvgsJwYESTB3XA=="
    }
  }
}
